
Microsoft Visual Studio Solution File, Format Version 12.00
# Visual Studio Version 16
VisualStudioVersion = 16.0.31911.196
MinimumVisualStudioVersion = 10.0.40219.1
Project("{FAE04EC0-301F-11D3-BF4B-00C04F79EFBC}") = "WebShop", "WebShop\WebShop.csproj", "{D2FED8DF-66D4-48A4-A25D-02EACDFD3A94}"
EndProject
Global
	GlobalSection(SolutionConfigurationPlatforms) = preSolution
		Debug|Any CPU = Debug|Any CPU
		Release|Any CPU = Release|Any CPU
	EndGlobalSection
	GlobalSection(ProjectConfigurationPlatforms) = postSolution
		{D2FED8DF-66D4-48A4-A25D-02EACDFD3A94}.Debug|Any CPU.ActiveCfg = Debug|Any CPU
		{D2FED8DF-66D4-48A4-A25D-02EACDFD3A94}.Debug|Any CPU.Build.0 = Debug|Any CPU
		{D2FED8DF-66D4-48A4-A25D-02EACDFD3A94}.Release|Any CPU.ActiveCfg = Release|Any CPU
		{D2FED8DF-66D4-48A4-A25D-02EACDFD3A94}.Release|Any CPU.Build.0 = Release|Any CPU
	EndGlobalSection
	GlobalSection(SolutionProperties) = preSolution
		HideSolutionNode = FALSE
	EndGlobalSection
	GlobalSection(ExtensibilityGlobals) = postSolution
		SolutionGuid = {F849B1BE-6691-4E14-925A-316E9980A7D1}
	EndGlobalSection
EndGlobal
